
Microsoft Visual Studio Solution File, Format Version 12.00
# Visual Studio Version 16
VisualStudioVersion = 16.0.30503.244
MinimumVisualStudioVersion = 10.0.40219.1
Project("{FAE04EC0-301F-11D3-BF4B-00C04F79EFBC}") = "pr1", "pr1\pr1.csproj", "{7C1852F6-2F69-48B1-A6C4-696F108F67C1}"
EndProject
Global
	GlobalSection(SolutionConfigurationPlatforms) = preSolution
		Debug|Any CPU = Debug|Any CPU
		Release|Any CPU = Release|Any CPU
	EndGlobalSection
	GlobalSection(ProjectConfigurationPlatforms) = postSolution
		{7C1852F6-2F69-48B1-A6C4-696F108F67C1}.Debug|Any CPU.ActiveCfg = Debug|Any CPU
		{7C1852F6-2F69-48B1-A6C4-696F108F67C1}.Debug|Any CPU.Build.0 = Debug|Any CPU
		{7C1852F6-2F69-48B1-A6C4-696F108F67C1}.Release|Any CPU.ActiveCfg = Release|Any CPU
		{7C1852F6-2F69-48B1-A6C4-696F108F67C1}.Release|Any CPU.Build.0 = Release|Any CPU
	EndGlobalSection
	GlobalSection(SolutionProperties) = preSolution
		HideSolutionNode = FALSE
	EndGlobalSection
	GlobalSection(ExtensibilityGlobals) = postSolution
		SolutionGuid = {818A2610-2299-4307-A519-6899EED730F0}
	EndGlobalSection
EndGlobal
